
Microsoft Visual Studio Solution File, Format Version 12.00
# Visual Studio 15
VisualStudioVersion = 15.0.28307.106
MinimumVisualStudioVersion = 10.0.40219.1
Project("{FAE04EC0-301F-11D3-BF4B-00C04F79EFBC}") = "ApplicationFORM", "ApplicationFORM\ApplicationFORM.csproj", "{5563086B-EB85-432C-BFD5-93D8EDADE9B9}"
EndProject
Project("{FAE04EC0-301F-11D3-BF4B-00C04F79EFBC}") = "Core", "Core\Core.csproj", "{E1AEC8BF-1210-4B7B-A10A-D2ED2FCB8E70}"
EndProject
Project("{FAE04EC0-301F-11D3-BF4B-00C04F79EFBC}") = "ApplicationMVC", "ApplicationMVC\ApplicationMVC.csproj", "{2FD28BBF-905B-41FA-A6C4-DFF50A757328}"
EndProject
Global
	GlobalSection(SolutionConfigurationPlatforms) = preSolution
		Debug|Any CPU = Debug|Any CPU
		Release|Any CPU = Release|Any CPU
	EndGlobalSection
	GlobalSection(ProjectConfigurationPlatforms) = postSolution
		{5563086B-EB85-432C-BFD5-93D8EDADE9B9}.Debug|Any CPU.ActiveCfg = Debug|Any CPU
		{5563086B-EB85-432C-BFD5-93D8EDADE9B9}.Debug|Any CPU.Build.0 = Debug|Any CPU
		{5563086B-EB85-432C-BFD5-93D8EDADE9B9}.Release|Any CPU.ActiveCfg = Release|Any CPU
		{5563086B-EB85-432C-BFD5-93D8EDADE9B9}.Release|Any CPU.Build.0 = Release|Any CPU
		{E1AEC8BF-1210-4B7B-A10A-D2ED2FCB8E70}.Debug|Any CPU.ActiveCfg = Debug|Any CPU
		{E1AEC8BF-1210-4B7B-A10A-D2ED2FCB8E70}.Debug|Any CPU.Build.0 = Debug|Any CPU
		{E1AEC8BF-1210-4B7B-A10A-D2ED2FCB8E70}.Release|Any CPU.ActiveCfg = Release|Any CPU
		{E1AEC8BF-1210-4B7B-A10A-D2ED2FCB8E70}.Release|Any CPU.Build.0 = Release|Any CPU
		{2FD28BBF-905B-41FA-A6C4-DFF50A757328}.Debug|Any CPU.ActiveCfg = Debug|Any CPU
		{2FD28BBF-905B-41FA-A6C4-DFF50A757328}.Debug|Any CPU.Build.0 = Debug|Any CPU
		{2FD28BBF-905B-41FA-A6C4-DFF50A757328}.Release|Any CPU.ActiveCfg = Release|Any CPU
		{2FD28BBF-905B-41FA-A6C4-DFF50A757328}.Release|Any CPU.Build.0 = Release|Any CPU
	EndGlobalSection
	GlobalSection(SolutionProperties) = preSolution
		HideSolutionNode = FALSE
	EndGlobalSection
	GlobalSection(ExtensibilityGlobals) = postSolution
		SolutionGuid = {5A0C79DB-36FF-4E17-AAB9-597FD6CA3343}
	EndGlobalSection
EndGlobal
